
Microsoft Visual Studio Solution File, Format Version 12.00
# Visual Studio Version 16
VisualStudioVersion = 16.0.30907.101
MinimumVisualStudioVersion = 10.0.40219.1
Project("{FAE04EC0-301F-11D3-BF4B-00C04F79EFBC}") = "TEST_WpfApp", "TEST_WpfApp.csproj", "{10951AA1-2FF3-413A-A7A2-D9A179F83F48}"
EndProject
Global
	GlobalSection(SolutionConfigurationPlatforms) = preSolution
		Debug|Any CPU = Debug|Any CPU
		Release|Any CPU = Release|Any CPU
	EndGlobalSection
	GlobalSection(ProjectConfigurationPlatforms) = postSolution
		{10951AA1-2FF3-413A-A7A2-D9A179F83F48}.Debug|Any CPU.ActiveCfg = Debug|Any CPU
		{10951AA1-2FF3-413A-A7A2-D9A179F83F48}.Debug|Any CPU.Build.0 = Debug|Any CPU
		{10951AA1-2FF3-413A-A7A2-D9A179F83F48}.Release|Any CPU.ActiveCfg = Release|Any CPU
		{10951AA1-2FF3-413A-A7A2-D9A179F83F48}.Release|Any CPU.Build.0 = Release|Any CPU
	EndGlobalSection
	GlobalSection(SolutionProperties) = preSolution
		HideSolutionNode = FALSE
	EndGlobalSection
	GlobalSection(ExtensibilityGlobals) = postSolution
		SolutionGuid = {909E6CAC-06FA-444B-A789-FC2D1C61EE4F}
	EndGlobalSection
EndGlobal
